
Microsoft Visual Studio Solution File, Format Version 12.00
# Visual Studio Version 17
VisualStudioVersion = 17.14.36717.8
MinimumVisualStudioVersion = 10.0.40219.1
Project("{FAE04EC0-301F-11D3-BF4B-00C04F79EFBC}") = "Day 1A", "Day 1A\Day 1A.csproj", "{78E7CF14-868A-4AB0-A0D8-712CD4200FA0}"
EndProject
Project("{FAE04EC0-301F-11D3-BF4B-00C04F79EFBC}") = "Day 1B", "Day 1B\Day 1B.csproj", "{4B543A42-29A0-474C-A893-978D31C97124}"
EndProject
Project("{FAE04EC0-301F-11D3-BF4B-00C04F79EFBC}") = "Day 2A", "Day 2A\Day 2A.csproj", "{B20FA556-B194-4601-846C-DAD35A2A1766}"
EndProject
Project("{FAE04EC0-301F-11D3-BF4B-00C04F79EFBC}") = "Day 2B", "Day 2B\Day 2B.csproj", "{2483E36C-B890-42A3-AFA6-1E4A9DA5ABEB}"
EndProject
Project("{FAE04EC0-301F-11D3-BF4B-00C04F79EFBC}") = "Day 3A", "Day 3A\Day 3A.csproj", "{6FE5572C-972D-4FA2-8BA0-A1348EA4D420}"
EndProject
Project("{FAE04EC0-301F-11D3-BF4B-00C04F79EFBC}") = "Day 3B", "Day 3B\Day 3B.csproj", "{BB15FFAB-5C19-44C7-AB30-80BF5F2D1769}"
EndProject
Project("{FAE04EC0-301F-11D3-BF4B-00C04F79EFBC}") = "Day 4A", "Day 4A\Day 4A.csproj", "{068C811D-8498-457A-8AC9-30E13F5ABA83}"
EndProject
Project("{FAE04EC0-301F-11D3-BF4B-00C04F79EFBC}") = "Day 4B", "Day 4B\Day 4B.csproj", "{FFC518D9-EEE3-4051-87B9-A9B18A3D980A}"
EndProject
Project("{FAE04EC0-301F-11D3-BF4B-00C04F79EFBC}") = "Day 5A", "Day 5A\Day 5A.csproj", "{12C96FD4-F561-45D6-8AB9-CAC790A4D3BE}"
EndProject
Project("{FAE04EC0-301F-11D3-BF4B-00C04F79EFBC}") = "Day 5B", "Day 5B\Day 5B.csproj", "{24D8C0D3-BCFB-49C5-BDC4-C08E3FAF50CA}"
EndProject
Project("{FAE04EC0-301F-11D3-BF4B-00C04F79EFBC}") = "Day 6A", "Day 6A\Day 6A.csproj", "{4322F765-9FB1-4CDD-BF0C-3DC69E4AE892}"
EndProject
Project("{FAE04EC0-301F-11D3-BF4B-00C04F79EFBC}") = "Day 6B", "Day 6B\Day 6B.csproj", "{05242FCC-40D9-4ADF-AE90-9C6E07CD8062}"
EndProject
Project("{FAE04EC0-301F-11D3-BF4B-00C04F79EFBC}") = "Day 7A", "Day 7A\Day 7A.csproj", "{8A83F8A3-C643-4531-B3E1-4D771638CB23}"
EndProject
Project("{FAE04EC0-301F-11D3-BF4B-00C04F79EFBC}") = "Day 7B", "Day 7B\Day 7B.csproj", "{CABC1450-7CA0-46D3-809F-BDA7011C7706}"
EndProject
Project("{FAE04EC0-301F-11D3-BF4B-00C04F79EFBC}") = "Day 8A", "Day 8A\Day 8A.csproj", "{130BB348-3649-4BFF-A6BB-8D61FF69335F}"
EndProject
Project("{FAE04EC0-301F-11D3-BF4B-00C04F79EFBC}") = "Day 8B", "Day 8B\Day 8B.csproj", "{52638013-2B0D-4E59-9BE6-00E490E69828}"
EndProject
Project("{FAE04EC0-301F-11D3-BF4B-00C04F79EFBC}") = "Day 9A", "Day 9A\Day 9A.csproj", "{2585B0F4-58DD-415E-BCDB-A32132263029}"
EndProject
Project("{FAE04EC0-301F-11D3-BF4B-00C04F79EFBC}") = "Day 9B", "Day 9B\Day 9B.csproj", "{159174D4-9E16-4254-8337-7FEFCB76B6E3}"
EndProject
Project("{FAE04EC0-301F-11D3-BF4B-00C04F79EFBC}") = "Day 10A", "Day 10A\Day 10A.csproj", "{5F59E99E-70AF-4993-ABE3-70A55AC2DCE1}"
EndProject
Global
	GlobalSection(SolutionConfigurationPlatforms) = preSolution
		Debug|Any CPU = Debug|Any CPU
		Release|Any CPU = Release|Any CPU
	EndGlobalSection
	GlobalSection(ProjectConfigurationPlatforms) = postSolution
		{78E7CF14-868A-4AB0-A0D8-712CD4200FA0}.Debug|Any CPU.ActiveCfg = Debug|Any CPU
		{78E7CF14-868A-4AB0-A0D8-712CD4200FA0}.Debug|Any CPU.Build.0 = Debug|Any CPU
		{78E7CF14-868A-4AB0-A0D8-712CD4200FA0}.Release|Any CPU.ActiveCfg = Release|Any CPU
		{78E7CF14-868A-4AB0-A0D8-712CD4200FA0}.Release|Any CPU.Build.0 = Release|Any CPU
		{4B543A42-29A0-474C-A893-978D31C97124}.Debug|Any CPU.ActiveCfg = Debug|Any CPU
		{4B543A42-29A0-474C-A893-978D31C97124}.Debug|Any CPU.Build.0 = Debug|Any CPU
		{4B543A42-29A0-474C-A893-978D31C97124}.Release|Any CPU.ActiveCfg = Release|Any CPU
		{4B543A42-29A0-474C-A893-978D31C97124}.Release|Any CPU.Build.0 = Release|Any CPU
		{B20FA556-B194-4601-846C-DAD35A2A1766}.Debug|Any CPU.ActiveCfg = Debug|Any CPU
		{B20FA556-B194-4601-846C-DAD35A2A1766}.Debug|Any CPU.Build.0 = Debug|Any CPU
		{B20FA556-B194-4601-846C-DAD35A2A1766}.Release|Any CPU.ActiveCfg = Release|Any CPU
		{B20FA556-B194-4601-846C-DAD35A2A1766}.Release|Any CPU.Build.0 = Release|Any CPU
		{2483E36C-B890-42A3-AFA6-1E4A9DA5ABEB}.Debug|Any CPU.ActiveCfg = Debug|Any CPU
		{2483E36C-B890-42A3-AFA6-1E4A9DA5ABEB}.Debug|Any CPU.Build.0 = Debug|Any CPU
		{2483E36C-B890-42A3-AFA6-1E4A9DA5ABEB}.Release|Any CPU.ActiveCfg = Release|Any CPU
		{2483E36C-B890-42A3-AFA6-1E4A9DA5ABEB}.Release|Any CPU.Build.0 = Release|Any CPU
		{6FE5572C-972D-4FA2-8BA0-A1348EA4D420}.Debug|Any CPU.ActiveCfg = Debug|Any CPU
		{6FE5572C-972D-4FA2-8BA0-A1348EA4D420}.Debug|Any CPU.Build.0 = Debug|Any CPU
		{6FE5572C-972D-4FA2-8BA0-A1348EA4D420}.Release|Any CPU.ActiveCfg = Release|Any CPU
		{6FE5572C-972D-4FA2-8BA0-A1348EA4D420}.Release|Any CPU.Build.0 = Release|Any CPU
		{BB15FFAB-5C19-44C7-AB30-80BF5F2D1769}.Debug|Any CPU.ActiveCfg = Debug|Any CPU
		{BB15FFAB-5C19-44C7-AB30-80BF5F2D1769}.Debug|Any CPU.Build.0 = Debug|Any CPU
		{BB15FFAB-5C19-44C7-AB30-80BF5F2D1769}.Release|Any CPU.ActiveCfg = Release|Any CPU
		{BB15FFAB-5C19-44C7-AB30-80BF5F2D1769}.Release|Any CPU.Build.0 = Release|Any CPU
		{068C811D-8498-457A-8AC9-30E13F5ABA83}.Debug|Any CPU.ActiveCfg = Debug|Any CPU
		{068C811D-8498-457A-8AC9-30E13F5ABA83}.Debug|Any CPU.Build.0 = Debug|Any CPU
		{068C811D-8498-457A-8AC9-30E13F5ABA83}.Release|Any CPU.ActiveCfg = Release|Any CPU
		{068C811D-8498-457A-8AC9-30E13F5ABA83}.Release|Any CPU.Build.0 = Release|Any CPU
		{FFC518D9-EEE3-4051-87B9-A9B18A3D980A}.Debug|Any CPU.ActiveCfg = Debug|Any CPU
		{FFC518D9-EEE3-4051-87B9-A9B18A3D980A}.Debug|Any CPU.Build.0 = Debug|Any CPU
		{FFC518D9-EEE3-4051-87B9-A9B18A3D980A}.Release|Any CPU.ActiveCfg = Release|Any CPU
		{FFC518D9-EEE3-4051-87B9-A9B18A3D980A}.Release|Any CPU.Build.0 = Release|Any CPU
		{12C96FD4-F561-45D6-8AB9-CAC790A4D3BE}.Debug|Any CPU.ActiveCfg = Debug|Any CPU
		{12C96FD4-F561-45D6-8AB9-CAC790A4D3BE}.Debug|Any CPU.Build.0 = Debug|Any CPU
		{12C96FD4-F561-45D6-8AB9-CAC790A4D3BE}.Release|Any CPU.ActiveCfg = Release|Any CPU
		{12C96FD4-F561-45D6-8AB9-CAC790A4D3BE}.Release|Any CPU.Build.0 = Release|Any CPU
		{24D8C0D3-BCFB-49C5-BDC4-C08E3FAF50CA}.Debug|Any CPU.ActiveCfg = Debug|Any CPU
		{24D8C0D3-BCFB-49C5-BDC4-C08E3FAF50CA}.Debug|Any CPU.Build.0 = Debug|Any CPU
		{24D8C0D3-BCFB-49C5-BDC4-C08E3FAF50CA}.Release|Any CPU.ActiveCfg = Release|Any CPU
		{24D8C0D3-BCFB-49C5-BDC4-C08E3FAF50CA}.Release|Any CPU.Build.0 = Release|Any CPU
		{4322F765-9FB1-4CDD-BF0C-3DC69E4AE892}.Debug|Any CPU.ActiveCfg = Debug|Any CPU
		{4322F765-9FB1-4CDD-BF0C-3DC69E4AE892}.Debug|Any CPU.Build.0 = Debug|Any CPU
		{4322F765-9FB1-4CDD-BF0C-3DC69E4AE892}.Release|Any CPU.ActiveCfg = Release|Any CPU
		{4322F765-9FB1-4CDD-BF0C-3DC69E4AE892}.Release|Any CPU.Build.0 = Release|Any CPU
		{05242FCC-40D9-4ADF-AE90-9C6E07CD8062}.Debug|Any CPU.ActiveCfg = Debug|Any CPU
		{05242FCC-40D9-4ADF-AE90-9C6E07CD8062}.Debug|Any CPU.Build.0 = Debug|Any CPU
		{05242FCC-40D9-4ADF-AE90-9C6E07CD8062}.Release|Any CPU.ActiveCfg = Release|Any CPU
		{05242FCC-40D9-4ADF-AE90-9C6E07CD8062}.Release|Any CPU.Build.0 = Release|Any CPU
		{8A83F8A3-C643-4531-B3E1-4D771638CB23}.Debug|Any CPU.ActiveCfg = Debug|Any CPU
		{8A83F8A3-C643-4531-B3E1-4D771638CB23}.Debug|Any CPU.Build.0 = Debug|Any CPU
		{8A83F8A3-C643-4531-B3E1-4D771638CB23}.Release|Any CPU.ActiveCfg = Release|Any CPU
		{8A83F8A3-C643-4531-B3E1-4D771638CB23}.Release|Any CPU.Build.0 = Release|Any CPU
		{CABC1450-7CA0-46D3-809F-BDA7011C7706}.Debug|Any CPU.ActiveCfg = Debug|Any CPU
		{CABC1450-7CA0-46D3-809F-BDA7011C7706}.Debug|Any CPU.Build.0 = Debug|Any CPU
		{CABC1450-7CA0-46D3-809F-BDA7011C7706}.Release|Any CPU.ActiveCfg = Release|Any CPU
		{CABC1450-7CA0-46D3-809F-BDA7011C7706}.Release|Any CPU.Build.0 = Release|Any CPU
		{130BB348-3649-4BFF-A6BB-8D61FF69335F}.Debug|Any CPU.ActiveCfg = Debug|Any CPU
		{130BB348-3649-4BFF-A6BB-8D61FF69335F}.Debug|Any CPU.Build.0 = Debug|Any CPU
		{130BB348-3649-4BFF-A6BB-8D61FF69335F}.Release|Any CPU.ActiveCfg = Release|Any CPU
		{130BB348-3649-4BFF-A6BB-8D61FF69335F}.Release|Any CPU.Build.0 = Release|Any CPU
		{52638013-2B0D-4E59-9BE6-00E490E69828}.Debug|Any CPU.ActiveCfg = Debug|Any CPU
		{52638013-2B0D-4E59-9BE6-00E490E69828}.Debug|Any CPU.Build.0 = Debug|Any CPU
		{52638013-2B0D-4E59-9BE6-00E490E69828}.Release|Any CPU.ActiveCfg = Release|Any CPU
		{52638013-2B0D-4E59-9BE6-00E490E69828}.Release|Any CPU.Build.0 = Release|Any CPU
		{2585B0F4-58DD-415E-BCDB-A32132263029}.Debug|Any CPU.ActiveCfg = Debug|Any CPU
		{2585B0F4-58DD-415E-BCDB-A32132263029}.Debug|Any CPU.Build.0 = Debug|Any CPU
		{2585B0F4-58DD-415E-BCDB-A32132263029}.Release|Any CPU.ActiveCfg = Release|Any CPU
		{2585B0F4-58DD-415E-BCDB-A32132263029}.Release|Any CPU.Build.0 = Release|Any CPU
		{159174D4-9E16-4254-8337-7FEFCB76B6E3}.Debug|Any CPU.ActiveCfg = Debug|Any CPU
		{159174D4-9E16-4254-8337-7FEFCB76B6E3}.Debug|Any CPU.Build.0 = Debug|Any CPU
		{159174D4-9E16-4254-8337-7FEFCB76B6E3}.Release|Any CPU.ActiveCfg = Release|Any CPU
		{159174D4-9E16-4254-8337-7FEFCB76B6E3}.Release|Any CPU.Build.0 = Release|Any CPU
		{5F59E99E-70AF-4993-ABE3-70A55AC2DCE1}.Debug|Any CPU.ActiveCfg = Debug|Any CPU
		{5F59E99E-70AF-4993-ABE3-70A55AC2DCE1}.Debug|Any CPU.Build.0 = Debug|Any CPU
		{5F59E99E-70AF-4993-ABE3-70A55AC2DCE1}.Release|Any CPU.ActiveCfg = Release|Any CPU
		{5F59E99E-70AF-4993-ABE3-70A55AC2DCE1}.Release|Any CPU.Build.0 = Release|Any CPU
	EndGlobalSection
	GlobalSection(SolutionProperties) = preSolution
		HideSolutionNode = FALSE
	EndGlobalSection
	GlobalSection(ExtensibilityGlobals) = postSolution
		SolutionGuid = {0DAACE2E-31A8-4113-B6E3-5743F11721AC}
	EndGlobalSection
EndGlobal
